
Microsoft Visual Studio Solution File, Format Version 12.00
# Visual Studio Version 17
VisualStudioVersion = 17.8.34330.188
MinimumVisualStudioVersion = 10.0.40219.1
Project("{8BC9CEB8-8B4A-11D0-8D11-00A0C91BC942}") = "AsyncClient", "AsyncClient\AsyncClient.vcxproj", "{AE18E0A0-28D6-4DA0-8624-744C0C8366DB}"
EndProject
Project("{8BC9CEB8-8B4A-11D0-8D11-00A0C91BC942}") = "AsyncServer", "AsyncServer\AsyncServer.vcxproj", "{306D439A-3980-47AE-8EED-6277CCC475AA}"
EndProject
Global
	GlobalSection(SolutionConfigurationPlatforms) = preSolution
		Debug|x64 = Debug|x64
		Debug|x86 = Debug|x86
		Release|x64 = Release|x64
		Release|x86 = Release|x86
	EndGlobalSection
	GlobalSection(ProjectConfigurationPlatforms) = postSolution
		{AE18E0A0-28D6-4DA0-8624-744C0C8366DB}.Debug|x64.ActiveCfg = Debug|x64
		{AE18E0A0-28D6-4DA0-8624-744C0C8366DB}.Debug|x64.Build.0 = Debug|x64
		{AE18E0A0-28D6-4DA0-8624-744C0C8366DB}.Debug|x86.ActiveCfg = Debug|Win32
		{AE18E0A0-28D6-4DA0-8624-744C0C8366DB}.Debug|x86.Build.0 = Debug|Win32
		{AE18E0A0-28D6-4DA0-8624-744C0C8366DB}.Release|x64.ActiveCfg = Release|x64
		{AE18E0A0-28D6-4DA0-8624-744C0C8366DB}.Release|x64.Build.0 = Release|x64
		{AE18E0A0-28D6-4DA0-8624-744C0C8366DB}.Release|x86.ActiveCfg = Release|Win32
		{AE18E0A0-28D6-4DA0-8624-744C0C8366DB}.Release|x86.Build.0 = Release|Win32
		{306D439A-3980-47AE-8EED-6277CCC475AA}.Debug|x64.ActiveCfg = Debug|x64
		{306D439A-3980-47AE-8EED-6277CCC475AA}.Debug|x64.Build.0 = Debug|x64
		{306D439A-3980-47AE-8EED-6277CCC475AA}.Debug|x86.ActiveCfg = Debug|Win32
		{306D439A-3980-47AE-8EED-6277CCC475AA}.Debug|x86.Build.0 = Debug|Win32
		{306D439A-3980-47AE-8EED-6277CCC475AA}.Release|x64.ActiveCfg = Release|x64
		{306D439A-3980-47AE-8EED-6277CCC475AA}.Release|x64.Build.0 = Release|x64
		{306D439A-3980-47AE-8EED-6277CCC475AA}.Release|x86.ActiveCfg = Release|Win32
		{306D439A-3980-47AE-8EED-6277CCC475AA}.Release|x86.Build.0 = Release|Win32
	EndGlobalSection
	GlobalSection(SolutionProperties) = preSolution
		HideSolutionNode = FALSE
	EndGlobalSection
	GlobalSection(ExtensibilityGlobals) = postSolution
		SolutionGuid = {607DF02C-9C97-4FED-8BBD-C9C543FDA9AF}
	EndGlobalSection
EndGlobal
